// !$*UTF8*$!
{
	archiveVersion = 1;
	classes = {
	};
	objectVersion = 50;
	objects = {

/* Begin PBXBuildFile section */
		8DE8C8E0621047C9932A059B /* Pods_tix.framework in Frameworks */ = {isa = PBXBuildFile; fileRef = 1C8D881DD402FEC941E3D65F /* Pods_tix.framework */; };
		910145B221A1D74800B19873 /* ApolloClient.swift in Sources */ = {isa = PBXBuildFile; fileRef = 910145B121A1D74800B19873 /* ApolloClient.swift */; };
		910145B421A1D83E00B19873 /* APIConstants.swift in Sources */ = {isa = PBXBuildFile; fileRef = 910145B321A1D83E00B19873 /* APIConstants.swift */; };
		910145B621A1D92C00B19873 /* StringConstants.swift in Sources */ = {isa = PBXBuildFile; fileRef = 910145B521A1D92C00B19873 /* StringConstants.swift */; };
		910145B821A1DA0F00B19873 /* Coordinator.swift in Sources */ = {isa = PBXBuildFile; fileRef = 910145B721A1DA0F00B19873 /* Coordinator.swift */; };
		910145BB21A1DA5700B19873 /* MainCoordinator.swift in Sources */ = {isa = PBXBuildFile; fileRef = 910145BA21A1DA5700B19873 /* MainCoordinator.swift */; };
		910145BD21A1DC5B00B19873 /* Storyboardable.swift in Sources */ = {isa = PBXBuildFile; fileRef = 910145BC21A1DC5B00B19873 /* Storyboardable.swift */; };
		910145BF21A1E65800B19873 /* TixTextField.swift in Sources */ = {isa = PBXBuildFile; fileRef = 910145BE21A1E65800B19873 /* TixTextField.swift */; };
		910145C121A2018B00B19873 /* TixButton.swift in Sources */ = {isa = PBXBuildFile; fileRef = 910145C021A2018B00B19873 /* TixButton.swift */; };
		910145C421A2036300B19873 /* EventsViewController.swift in Sources */ = {isa = PBXBuildFile; fileRef = 910145C321A2036300B19873 /* EventsViewController.swift */; };
		910145C621A2037400B19873 /* EventsCoordinator.swift in Sources */ = {isa = PBXBuildFile; fileRef = 910145C521A2037400B19873 /* EventsCoordinator.swift */; };
		910145C821A2066400B19873 /* ShadowView.swift in Sources */ = {isa = PBXBuildFile; fileRef = 910145C721A2066400B19873 /* ShadowView.swift */; };
		910145CA21A206E700B19873 /* Home.graphql in Resources */ = {isa = PBXBuildFile; fileRef = 910145C921A206E700B19873 /* Home.graphql */; };
		910145CC21A238B800B19873 /* EventTableViewCell.swift in Sources */ = {isa = PBXBuildFile; fileRef = 910145CB21A238B800B19873 /* EventTableViewCell.swift */; };
		910145CE21A23CDA00B19873 /* DateHelper.swift in Sources */ = {isa = PBXBuildFile; fileRef = 910145CD21A23CDA00B19873 /* DateHelper.swift */; };
		910145D121A250C600B19873 /* CheckOrderViewController.swift in Sources */ = {isa = PBXBuildFile; fileRef = 910145D021A250C600B19873 /* CheckOrderViewController.swift */; };
		910145D321A2657600B19873 /* CheckInViewController.swift in Sources */ = {isa = PBXBuildFile; fileRef = 910145D221A2657600B19873 /* CheckInViewController.swift */; };
		910145D521A26A0900B19873 /* CheckIn.graphql in Resources */ = {isa = PBXBuildFile; fileRef = 910145D421A26A0900B19873 /* CheckIn.graphql */; };
		911721BD21A34CFE00BD335A /* schema.json in Resources */ = {isa = PBXBuildFile; fileRef = 911721BC21A34CFE00BD335A /* schema.json */; };
		9135477921A1C4A900F509DF /* UIViewExtensions.swift in Sources */ = {isa = PBXBuildFile; fileRef = 9135477421A1C4A900F509DF /* UIViewExtensions.swift */; };
		9135477A21A1C4A900F509DF /* InspectableTextAttr.swift in Sources */ = {isa = PBXBuildFile; fileRef = 9135477521A1C4A900F509DF /* InspectableTextAttr.swift */; };
		9135477B21A1C4A900F509DF /* UIViewControllerExtensions.swift in Sources */ = {isa = PBXBuildFile; fileRef = 9135477621A1C4A900F509DF /* UIViewControllerExtensions.swift */; };
		9135477C21A1C4A900F509DF /* HelperFunctions.swift in Sources */ = {isa = PBXBuildFile; fileRef = 9135477721A1C4A900F509DF /* HelperFunctions.swift */; };
		9135477D21A1C4A900F509DF /* StringExtensions.swift in Sources */ = {isa = PBXBuildFile; fileRef = 9135477821A1C4A900F509DF /* StringExtensions.swift */; };
		91A0A49621A1BE290044C45A /* AppDelegate.swift in Sources */ = {isa = PBXBuildFile; fileRef = 91A0A49521A1BE290044C45A /* AppDelegate.swift */; };
		91A0A49821A1BE290044C45A /* LoginViewController.swift in Sources */ = {isa = PBXBuildFile; fileRef = 91A0A49721A1BE290044C45A /* LoginViewController.swift */; };
		91A0A49B21A1BE290044C45A /* Main.storyboard in Resources */ = {isa = PBXBuildFile; fileRef = 91A0A49921A1BE290044C45A /* Main.storyboard */; };
		91A0A49D21A1BE2B0044C45A /* Assets.xcassets in Resources */ = {isa = PBXBuildFile; fileRef = 91A0A49C21A1BE2B0044C45A /* Assets.xcassets */; };
		91A0A4A021A1BE2B0044C45A /* LaunchScreen.storyboard in Resources */ = {isa = PBXBuildFile; fileRef = 91A0A49E21A1BE2B0044C45A /* LaunchScreen.storyboard */; };
		91A0A4AD21A1C0CF0044C45A /* Soleil-Regular.ttf in Resources */ = {isa = PBXBuildFile; fileRef = 91A0A4AA21A1C0CF0044C45A /* Soleil-Regular.ttf */; };
		91A0A4AE21A1C0CF0044C45A /* Soleil-Light.ttf in Resources */ = {isa = PBXBuildFile; fileRef = 91A0A4AB21A1C0CF0044C45A /* Soleil-Light.ttf */; };
		91A0A4AF21A1C0CF0044C45A /* Soleil-Bold.ttf in Resources */ = {isa = PBXBuildFile; fileRef = 91A0A4AC21A1C0CF0044C45A /* Soleil-Bold.ttf */; };
		91B05D9D21A2DA7E00C05274 /* API.swift in Sources */ = {isa = PBXBuildFile; fileRef = 91B05D9C21A2DA7E00C05274 /* API.swift */; };
		91CB82F421A1CFC700B59744 /* Auth.graphql in Resources */ = {isa = PBXBuildFile; fileRef = 91CB82F321A1CFC700B59744 /* Auth.graphql */; };
/* End PBXBuildFile section */

/* Begin PBXFileReference section */
		1C8D881DD402FEC941E3D65F /* Pods_tix.framework */ = {isa = PBXFileReference; explicitFileType = wrapper.framework; includeInIndex = 0; path = Pods_tix.framework; sourceTree = BUILT_PRODUCTS_DIR; };
		910145B121A1D74800B19873 /* ApolloClient.swift */ = {isa = PBXFileReference; lastKnownFileType = sourcecode.swift; path = ApolloClient.swift; sourceTree = "<group>"; };
		910145B321A1D83E00B19873 /* APIConstants.swift */ = {isa = PBXFileReference; lastKnownFileType = sourcecode.swift; path = APIConstants.swift; sourceTree = "<group>"; };
		910145B521A1D92C00B19873 /* StringConstants.swift */ = {isa = PBXFileReference; lastKnownFileType = sourcecode.swift; path = StringConstants.swift; sourceTree = "<group>"; };
		910145B721A1DA0F00B19873 /* Coordinator.swift */ = {isa = PBXFileReference; lastKnownFileType = sourcecode.swift; path = Coordinator.swift; sourceTree = "<group>"; };
		910145BA21A1DA5700B19873 /* MainCoordinator.swift */ = {isa = PBXFileReference; lastKnownFileType = sourcecode.swift; path = MainCoordinator.swift; sourceTree = "<group>"; };
		910145BC21A1DC5B00B19873 /* Storyboardable.swift */ = {isa = PBXFileReference; lastKnownFileType = sourcecode.swift; path = Storyboardable.swift; sourceTree = "<group>"; };
		910145BE21A1E65800B19873 /* TixTextField.swift */ = {isa = PBXFileReference; lastKnownFileType = sourcecode.swift; path = TixTextField.swift; sourceTree = "<group>"; };
		910145C021A2018B00B19873 /* TixButton.swift */ = {isa = PBXFileReference; lastKnownFileType = sourcecode.swift; path = TixButton.swift; sourceTree = "<group>"; };
		910145C321A2036300B19873 /* EventsViewController.swift */ = {isa = PBXFileReference; lastKnownFileType = sourcecode.swift; path = EventsViewController.swift; sourceTree = "<group>"; };
		910145C521A2037400B19873 /* EventsCoordinator.swift */ = {isa = PBXFileReference; lastKnownFileType = sourcecode.swift; path = EventsCoordinator.swift; sourceTree = "<group>"; };
		910145C721A2066400B19873 /* ShadowView.swift */ = {isa = PBXFileReference; lastKnownFileType = sourcecode.swift; path = ShadowView.swift; sourceTree = "<group>"; };
		910145C921A206E700B19873 /* Home.graphql */ = {isa = PBXFileReference; lastKnownFileType = text; path = Home.graphql; sourceTree = "<group>"; };
		910145CB21A238B800B19873 /* EventTableViewCell.swift */ = {isa = PBXFileReference; lastKnownFileType = sourcecode.swift; path = EventTableViewCell.swift; sourceTree = "<group>"; };
		910145CD21A23CDA00B19873 /* DateHelper.swift */ = {isa = PBXFileReference; lastKnownFileType = sourcecode.swift; path = DateHelper.swift; sourceTree = "<group>"; };
		910145D021A250C600B19873 /* CheckOrderViewController.swift */ = {isa = PBXFileReference; lastKnownFileType = sourcecode.swift; path = CheckOrderViewController.swift; sourceTree = "<group>"; };
		910145D221A2657600B19873 /* CheckInViewController.swift */ = {isa = PBXFileReference; lastKnownFileType = sourcecode.swift; path = CheckInViewController.swift; sourceTree = "<group>"; };
		910145D421A26A0900B19873 /* CheckIn.graphql */ = {isa = PBXFileReference; lastKnownFileType = text; path = CheckIn.graphql; sourceTree = "<group>"; };
		911721BC21A34CFE00BD335A /* schema.json */ = {isa = PBXFileReference; fileEncoding = 4; lastKnownFileType = text.json; name = schema.json; path = tix/schema.json; sourceTree = SOURCE_ROOT; };
		9135477421A1C4A900F509DF /* UIViewExtensions.swift */ = {isa = PBXFileReference; fileEncoding = 4; lastKnownFileType = sourcecode.swift; path = UIViewExtensions.swift; sourceTree = "<group>"; };
		9135477521A1C4A900F509DF /* InspectableTextAttr.swift */ = {isa = PBXFileReference; fileEncoding = 4; lastKnownFileType = sourcecode.swift; path = InspectableTextAttr.swift; sourceTree = "<group>"; };
		9135477621A1C4A900F509DF /* UIViewControllerExtensions.swift */ = {isa = PBXFileReference; fileEncoding = 4; lastKnownFileType = sourcecode.swift; path = UIViewControllerExtensions.swift; sourceTree = "<group>"; };
		9135477721A1C4A900F509DF /* HelperFunctions.swift */ = {isa = PBXFileReference; fileEncoding = 4; lastKnownFileType = sourcecode.swift; path = HelperFunctions.swift; sourceTree = "<group>"; };
		9135477821A1C4A900F509DF /* StringExtensions.swift */ = {isa = PBXFileReference; fileEncoding = 4; lastKnownFileType = sourcecode.swift; path = StringExtensions.swift; sourceTree = "<group>"; };
		91A0A49221A1BE290044C45A /* tix.app */ = {isa = PBXFileReference; explicitFileType = wrapper.application; includeInIndex = 0; path = tix.app; sourceTree = BUILT_PRODUCTS_DIR; };
		91A0A49521A1BE290044C45A /* AppDelegate.swift */ = {isa = PBXFileReference; lastKnownFileType = sourcecode.swift; path = AppDelegate.swift; sourceTree = "<group>"; };
		91A0A49721A1BE290044C45A /* LoginViewController.swift */ = {isa = PBXFileReference; lastKnownFileType = sourcecode.swift; path = LoginViewController.swift; sourceTree = "<group>"; };
		91A0A49A21A1BE290044C45A /* Base */ = {isa = PBXFileReference; lastKnownFileType = file.storyboard; name = Base; path = Base.lproj/Main.storyboard; sourceTree = "<group>"; };
		91A0A49C21A1BE2B0044C45A /* Assets.xcassets */ = {isa = PBXFileReference; lastKnownFileType = folder.assetcatalog; path = Assets.xcassets; sourceTree = "<group>"; };
		91A0A49F21A1BE2B0044C45A /* Base */ = {isa = PBXFileReference; lastKnownFileType = file.storyboard; name = Base; path = Base.lproj/LaunchScreen.storyboard; sourceTree = "<group>"; };
		91A0A4A121A1BE2B0044C45A /* Info.plist */ = {isa = PBXFileReference; lastKnownFileType = text.plist.xml; path = Info.plist; sourceTree = "<group>"; };
		91A0A4AA21A1C0CF0044C45A /* Soleil-Regular.ttf */ = {isa = PBXFileReference; lastKnownFileType = file; path = "Soleil-Regular.ttf"; sourceTree = "<group>"; };
		91A0A4AB21A1C0CF0044C45A /* Soleil-Light.ttf */ = {isa = PBXFileReference; lastKnownFileType = file; path = "Soleil-Light.ttf"; sourceTree = "<group>"; };
		91A0A4AC21A1C0CF0044C45A /* Soleil-Bold.ttf */ = {isa = PBXFileReference; lastKnownFileType = file; path = "Soleil-Bold.ttf"; sourceTree = "<group>"; };
		91B05D9C21A2DA7E00C05274 /* API.swift */ = {isa = PBXFileReference; fileEncoding = 4; lastKnownFileType = sourcecode.swift; name = API.swift; path = tix/API.swift; sourceTree = "<group>"; };
		91CB82F321A1CFC700B59744 /* Auth.graphql */ = {isa = PBXFileReference; lastKnownFileType = text; path = Auth.graphql; sourceTree = "<group>"; };
		B32015D9018BD748B7BC6E9E /* Pods-tix.release.xcconfig */ = {isa = PBXFileReference; includeInIndex = 1; lastKnownFileType = text.xcconfig; name = "Pods-tix.release.xcconfig"; path = "Pods/Target Support Files/Pods-tix/Pods-tix.release.xcconfig"; sourceTree = "<group>"; };
		CC240E958C6813251DB2DADE /* Pods-tix.debug.xcconfig */ = {isa = PBXFileReference; includeInIndex = 1; lastKnownFileType = text.xcconfig; name = "Pods-tix.debug.xcconfig"; path = "Pods/Target Support Files/Pods-tix/Pods-tix.debug.xcconfig"; sourceTree = "<group>"; };
/* End PBXFileReference section */

/* Begin PBXFrameworksBuildPhase section */
		91A0A48F21A1BE290044C45A /* Frameworks */ = {
			isa = PBXFrameworksBuildPhase;
			buildActionMask = 2147483647;
			files = (
				8DE8C8E0621047C9932A059B /* Pods_tix.framework in Frameworks */,
			);
			runOnlyForDeploymentPostprocessing = 0;
		};
/* End PBXFrameworksBuildPhase section */

/* Begin PBXGroup section */
		501EE8B4A616F8E67B3CF856 /* Pods */ = {
			isa = PBXGroup;
			children = (
				CC240E958C6813251DB2DADE /* Pods-tix.debug.xcconfig */,
				B32015D9018BD748B7BC6E9E /* Pods-tix.release.xcconfig */,
			);
			name = Pods;
			sourceTree = "<group>";
		};
		910145B021A1D73500B19873 /* Networking */ = {
			isa = PBXGroup;
			children = (
				910145B121A1D74800B19873 /* ApolloClient.swift */,
				910145B321A1D83E00B19873 /* APIConstants.swift */,
			);
			path = Networking;
			sourceTree = "<group>";
		};
		910145B921A1DA2D00B19873 /* Auth Scene */ = {
			isa = PBXGroup;
			children = (
				91A0A49721A1BE290044C45A /* LoginViewController.swift */,
				910145BA21A1DA5700B19873 /* MainCoordinator.swift */,
				910145BE21A1E65800B19873 /* TixTextField.swift */,
				910145C021A2018B00B19873 /* TixButton.swift */,
			);
			path = "Auth Scene";
			sourceTree = "<group>";
		};
		910145C221A202DE00B19873 /* Events Scene */ = {
			isa = PBXGroup;
			children = (
				910145C321A2036300B19873 /* EventsViewController.swift */,
				910145C521A2037400B19873 /* EventsCoordinator.swift */,
				910145CB21A238B800B19873 /* EventTableViewCell.swift */,
				910145C721A2066400B19873 /* ShadowView.swift */,
			);
			path = "Events Scene";
			sourceTree = "<group>";
		};
		910145CF21A24F8600B19873 /* Check-in Scene */ = {
			isa = PBXGroup;
			children = (
				910145D021A250C600B19873 /* CheckOrderViewController.swift */,
				910145D221A2657600B19873 /* CheckInViewController.swift */,
			);
			path = "Check-in Scene";
			sourceTree = "<group>";
		};
		9135477321A1C47600F509DF /* Supporting */ = {
			isa = PBXGroup;
			children = (
				9135477721A1C4A900F509DF /* HelperFunctions.swift */,
				9135477521A1C4A900F509DF /* InspectableTextAttr.swift */,
				9135477821A1C4A900F509DF /* StringExtensions.swift */,
				9135477621A1C4A900F509DF /* UIViewControllerExtensions.swift */,
				9135477421A1C4A900F509DF /* UIViewExtensions.swift */,
				910145B521A1D92C00B19873 /* StringConstants.swift */,
				910145CD21A23CDA00B19873 /* DateHelper.swift */,
			);
			path = Supporting;
			sourceTree = "<group>";
		};
		91A0A48921A1BE290044C45A = {
			isa = PBXGroup;
			children = (
				91B05D9C21A2DA7E00C05274 /* API.swift */,
				91A0A49421A1BE290044C45A /* tix */,
				91A0A49321A1BE290044C45A /* Products */,
				501EE8B4A616F8E67B3CF856 /* Pods */,
				BD3B382B4D409BE92D7D1106 /* Frameworks */,
			);
			sourceTree = "<group>";
		};
		91A0A49321A1BE290044C45A /* Products */ = {
			isa = PBXGroup;
			children = (
				91A0A49221A1BE290044C45A /* tix.app */,
			);
			name = Products;
			sourceTree = "<group>";
		};
		91A0A49421A1BE290044C45A /* tix */ = {
			isa = PBXGroup;
			children = (
				911721BC21A34CFE00BD335A /* schema.json */,
				910145CF21A24F8600B19873 /* Check-in Scene */,
				910145C221A202DE00B19873 /* Events Scene */,
				910145B921A1DA2D00B19873 /* Auth Scene */,
				910145B021A1D73500B19873 /* Networking */,
				9135477321A1C47600F509DF /* Supporting */,
				91A0A4A921A1C0A70044C45A /* Fonts */,
				91CB82F221A1CFA700B59744 /* GraphQL */,
				910145BC21A1DC5B00B19873 /* Storyboardable.swift */,
				91A0A49521A1BE290044C45A /* AppDelegate.swift */,
				910145B721A1DA0F00B19873 /* Coordinator.swift */,
				91A0A49921A1BE290044C45A /* Main.storyboard */,
				91A0A49C21A1BE2B0044C45A /* Assets.xcassets */,
				91A0A49E21A1BE2B0044C45A /* LaunchScreen.storyboard */,
				91A0A4A121A1BE2B0044C45A /* Info.plist */,
			);
			path = tix;
			sourceTree = "<group>";
		};
		91A0A4A921A1C0A70044C45A /* Fonts */ = {
			isa = PBXGroup;
			children = (
				91A0A4AC21A1C0CF0044C45A /* Soleil-Bold.ttf */,
				91A0A4AB21A1C0CF0044C45A /* Soleil-Light.ttf */,
				91A0A4AA21A1C0CF0044C45A /* Soleil-Regular.ttf */,
			);
			path = Fonts;
			sourceTree = "<group>";
		};
		91CB82F221A1CFA700B59744 /* GraphQL */ = {
			isa = PBXGroup;
			children = (
				91CB82F321A1CFC700B59744 /* Auth.graphql */,
				910145C921A206E700B19873 /* Home.graphql */,
				910145D421A26A0900B19873 /* CheckIn.graphql */,
			);
			path = GraphQL;
			sourceTree = "<group>";
		};
		BD3B382B4D409BE92D7D1106 /* Frameworks */ = {
			isa = PBXGroup;
			children = (
				1C8D881DD402FEC941E3D65F /* Pods_tix.framework */,
			);
			name = Frameworks;
			sourceTree = "<group>";
		};
/* End PBXGroup section */

/* Begin PBXNativeTarget section */
		91A0A49121A1BE290044C45A /* tix */ = {
			isa = PBXNativeTarget;
			buildConfigurationList = 91A0A4A421A1BE2B0044C45A /* Build configuration list for PBXNativeTarget "tix" */;
			buildPhases = (
				9D57217F99A354101A0F04DA /* [CP] Check Pods Manifest.lock */,
				91CB82EE21A1CC5D00B59744 /* Generate Apollo GraphQL API */,
				91A0A48E21A1BE290044C45A /* Sources */,
				91A0A48F21A1BE290044C45A /* Frameworks */,
				91A0A49021A1BE290044C45A /* Resources */,
				DAE86204B365A9B84B1729B7 /* [CP] Embed Pods Frameworks */,
			);
			buildRules = (
			);
			dependencies = (
			);
			name = tix;
			productName = tix;
			productReference = 91A0A49221A1BE290044C45A /* tix.app */;
			productType = "com.apple.product-type.application";
		};
/* End PBXNativeTarget section */

/* Begin PBXProject section */
		91A0A48A21A1BE290044C45A /* Project object */ = {
			isa = PBXProject;
			attributes = {
				LastSwiftUpdateCheck = 1010;
				LastUpgradeCheck = 1010;
				ORGANIZATIONNAME = Tix;
				TargetAttributes = {
					91A0A49121A1BE290044C45A = {
						CreatedOnToolsVersion = 10.1;
					};
				};
			};
			buildConfigurationList = 91A0A48D21A1BE290044C45A /* Build configuration list for PBXProject "tix" */;
			compatibilityVersion = "Xcode 9.3";
			developmentRegion = en;
			hasScannedForEncodings = 0;
			knownRegions = (
				en,
				Base,
			);
			mainGroup = 91A0A48921A1BE290044C45A;
			productRefGroup = 91A0A49321A1BE290044C45A /* Products */;
			projectDirPath = "";
			projectRoot = "";
			targets = (
				91A0A49121A1BE290044C45A /* tix */,
			);
		};
/* End PBXProject section */

/* Begin PBXResourcesBuildPhase section */
		91A0A49021A1BE290044C45A /* Resources */ = {
			isa = PBXResourcesBuildPhase;
			buildActionMask = 2147483647;
			files = (
				910145D521A26A0900B19873 /* CheckIn.graphql in Resources */,
				91A0A4A021A1BE2B0044C45A /* LaunchScreen.storyboard in Resources */,
				91A0A4AE21A1C0CF0044C45A /* Soleil-Light.ttf in Resources */,
				910145CA21A206E700B19873 /* Home.graphql in Resources */,
				91A0A4AD21A1C0CF0044C45A /* Soleil-Regular.ttf in Resources */,
				91A0A49D21A1BE2B0044C45A /* Assets.xcassets in Resources */,
				911721BD21A34CFE00BD335A /* schema.json in Resources */,
				91CB82F421A1CFC700B59744 /* Auth.graphql in Resources */,
				91A0A49B21A1BE290044C45A /* Main.storyboard in Resources */,
				91A0A4AF21A1C0CF0044C45A /* Soleil-Bold.ttf in Resources */,
			);
			runOnlyForDeploymentPostprocessing = 0;
		};
/* End PBXResourcesBuildPhase section */

/* Begin PBXShellScriptBuildPhase section */
		91CB82EE21A1CC5D00B59744 /* Generate Apollo GraphQL API */ = {
			isa = PBXShellScriptBuildPhase;
			buildActionMask = 2147483647;
			files = (
			);
			inputPaths = (
			);
			name = "Generate Apollo GraphQL API";
			outputPaths = (
			);
			runOnlyForDeploymentPostprocessing = 0;
			shellPath = /bin/sh;
			shellScript = "APOLLO_FRAMEWORK_PATH=\"$(eval find $FRAMEWORK_SEARCH_PATHS -name \"Apollo.framework\" -maxdepth 1)\"\n\nif [ -z \"$APOLLO_FRAMEWORK_PATH\" ]; then\necho \"error: Couldn't find Apollo.framework in FRAMEWORK_SEARCH_PATHS; make sure to add the framework to your project.\"\nexit 1\nfi\n\ncd \"${SRCROOT}/${TARGET_NAME}\"\n$APOLLO_FRAMEWORK_PATH/check-and-run-apollo-cli.sh codegen:generate --queries=\"$(find . -name '*.graphql')\" --schema=schema.json API.swift --passthroughCustomScalars\n\n";
		};
		9D57217F99A354101A0F04DA /* [CP] Check Pods Manifest.lock */ = {
			isa = PBXShellScriptBuildPhase;
			buildActionMask = 2147483647;
			files = (
			);
			inputPaths = (
				"${PODS_PODFILE_DIR_PATH}/Podfile.lock",
				"${PODS_ROOT}/Manifest.lock",
			);
			name = "[CP] Check Pods Manifest.lock";
			outputPaths = (
				"$(DERIVED_FILE_DIR)/Pods-tix-checkManifestLockResult.txt",
			);
			runOnlyForDeploymentPostprocessing = 0;
			shellPath = /bin/sh;
			shellScript = "diff \"${PODS_PODFILE_DIR_PATH}/Podfile.lock\" \"${PODS_ROOT}/Manifest.lock\" > /dev/null\nif [ $? != 0 ] ; then\n    # print error to STDERR\n    echo \"error: The sandbox is not in sync with the Podfile.lock. Run 'pod install' or update your CocoaPods installation.\" >&2\n    exit 1\nfi\n# This output is used by Xcode 'outputs' to avoid re-running this script phase.\necho \"SUCCESS\" > \"${SCRIPT_OUTPUT_FILE_0}\"\n";
			showEnvVarsInLog = 0;
		};
		DAE86204B365A9B84B1729B7 /* [CP] Embed Pods Frameworks */ = {
			isa = PBXShellScriptBuildPhase;
			buildActionMask = 2147483647;
			files = (
			);
			inputPaths = (
				"${SRCROOT}/Pods/Target Support Files/Pods-tix/Pods-tix-frameworks.sh",
				"${BUILT_PRODUCTS_DIR}/Apollo/Apollo.framework",
				"${BUILT_PRODUCTS_DIR}/IQKeyboardManagerSwift/IQKeyboardManagerSwift.framework",
				"${BUILT_PRODUCTS_DIR}/Locksmith/Locksmith.framework",
				"${BUILT_PRODUCTS_DIR}/QRCodeReader.swift/QRCodeReader.framework",
				"${BUILT_PRODUCTS_DIR}/SwiftValidator/SwiftValidator.framework",
			);
			name = "[CP] Embed Pods Frameworks";
			outputPaths = (
				"${TARGET_BUILD_DIR}/${FRAMEWORKS_FOLDER_PATH}/Apollo.framework",
				"${TARGET_BUILD_DIR}/${FRAMEWORKS_FOLDER_PATH}/IQKeyboardManagerSwift.framework",
				"${TARGET_BUILD_DIR}/${FRAMEWORKS_FOLDER_PATH}/Locksmith.framework",
				"${TARGET_BUILD_DIR}/${FRAMEWORKS_FOLDER_PATH}/QRCodeReader.framework",
				"${TARGET_BUILD_DIR}/${FRAMEWORKS_FOLDER_PATH}/SwiftValidator.framework",
			);
			runOnlyForDeploymentPostprocessing = 0;
			shellPath = /bin/sh;
			shellScript = "\"${SRCROOT}/Pods/Target Support Files/Pods-tix/Pods-tix-frameworks.sh\"\n";
			showEnvVarsInLog = 0;
		};
/* End PBXShellScriptBuildPhase section */

/* Begin PBXSourcesBuildPhase section */
		91A0A48E21A1BE290044C45A /* Sources */ = {
			isa = PBXSourcesBuildPhase;
			buildActionMask = 2147483647;
			files = (
				91A0A49821A1BE290044C45A /* LoginViewController.swift in Sources */,
				910145B621A1D92C00B19873 /* StringConstants.swift in Sources */,
				910145BF21A1E65800B19873 /* TixTextField.swift in Sources */,
				910145C421A2036300B19873 /* EventsViewController.swift in Sources */,
				910145D321A2657600B19873 /* CheckInViewController.swift in Sources */,
				910145BD21A1DC5B00B19873 /* Storyboardable.swift in Sources */,
				9135477921A1C4A900F509DF /* UIViewExtensions.swift in Sources */,
				910145D121A250C600B19873 /* CheckOrderViewController.swift in Sources */,
				910145B221A1D74800B19873 /* ApolloClient.swift in Sources */,
				9135477B21A1C4A900F509DF /* UIViewControllerExtensions.swift in Sources */,
				910145CC21A238B800B19873 /* EventTableViewCell.swift in Sources */,
				9135477D21A1C4A900F509DF /* StringExtensions.swift in Sources */,
				9135477A21A1C4A900F509DF /* InspectableTextAttr.swift in Sources */,
				910145B421A1D83E00B19873 /* APIConstants.swift in Sources */,
				910145CE21A23CDA00B19873 /* DateHelper.swift in Sources */,
				91B05D9D21A2DA7E00C05274 /* API.swift in Sources */,
				910145C621A2037400B19873 /* EventsCoordinator.swift in Sources */,
				910145B821A1DA0F00B19873 /* Coordinator.swift in Sources */,
				910145C121A2018B00B19873 /* TixButton.swift in Sources */,
				91A0A49621A1BE290044C45A /* AppDelegate.swift in Sources */,
				910145BB21A1DA5700B19873 /* MainCoordinator.swift in Sources */,
				910145C821A2066400B19873 /* ShadowView.swift in Sources */,
				9135477C21A1C4A900F509DF /* HelperFunctions.swift in Sources */,
			);
			runOnlyForDeploymentPostprocessing = 0;
		};
/* End PBXSourcesBuildPhase section */

/* Begin PBXVariantGroup section */
		91A0A49921A1BE290044C45A /* Main.storyboard */ = {
			isa = PBXVariantGroup;
			children = (
				91A0A49A21A1BE290044C45A /* Base */,
			);
			name = Main.storyboard;
			sourceTree = "<group>";
		};
		91A0A49E21A1BE2B0044C45A /* LaunchScreen.storyboard */ = {
			isa = PBXVariantGroup;
			children = (
				91A0A49F21A1BE2B0044C45A /* Base */,
			);
			name = LaunchScreen.storyboard;
			sourceTree = "<group>";
		};
/* End PBXVariantGroup section */

/* Begin XCBuildConfiguration section */
		91A0A4A221A1BE2B0044C45A /* Debug */ = {
			isa = XCBuildConfiguration;
			buildSettings = {
				ALWAYS_SEARCH_USER_PATHS = NO;
				CLANG_ANALYZER_NONNULL = YES;
				CLANG_ANALYZER_NUMBER_OBJECT_CONVERSION = YES_AGGRESSIVE;
				CLANG_CXX_LANGUAGE_STANDARD = "gnu++14";
				CLANG_CXX_LIBRARY = "libc++";
				CLANG_ENABLE_MODULES = YES;
				CLANG_ENABLE_OBJC_ARC = YES;
				CLANG_ENABLE_OBJC_WEAK = YES;
				CLANG_WARN_BLOCK_CAPTURE_AUTORELEASING = YES;
				CLANG_WARN_BOOL_CONVERSION = YES;
				CLANG_WARN_COMMA = YES;
				CLANG_WARN_CONSTANT_CONVERSION = YES;
				CLANG_WARN_DEPRECATED_OBJC_IMPLEMENTATIONS = YES;
				CLANG_WARN_DIRECT_OBJC_ISA_USAGE = YES_ERROR;
				CLANG_WARN_DOCUMENTATION_COMMENTS = YES;
				CLANG_WARN_EMPTY_BODY = YES;
				CLANG_WARN_ENUM_CONVERSION = YES;
				CLANG_WARN_INFINITE_RECURSION = YES;
				CLANG_WARN_INT_CONVERSION = YES;
				CLANG_WARN_NON_LITERAL_NULL_CONVERSION = YES;
				CLANG_WARN_OBJC_IMPLICIT_RETAIN_SELF = YES;
				CLANG_WARN_OBJC_LITERAL_CONVERSION = YES;
				CLANG_WARN_OBJC_ROOT_CLASS = YES_ERROR;
				CLANG_WARN_RANGE_LOOP_ANALYSIS = YES;
				CLANG_WARN_STRICT_PROTOTYPES = YES;
				CLANG_WARN_SUSPICIOUS_MOVE = YES;
				CLANG_WARN_UNGUARDED_AVAILABILITY = YES_AGGRESSIVE;
				CLANG_WARN_UNREACHABLE_CODE = YES;
				CLANG_WARN__DUPLICATE_METHOD_MATCH = YES;
				CODE_SIGN_IDENTITY = "iPhone Developer";
				COPY_PHASE_STRIP = NO;
				DEBUG_INFORMATION_FORMAT = dwarf;
				ENABLE_STRICT_OBJC_MSGSEND = YES;
				ENABLE_TESTABILITY = YES;
				GCC_C_LANGUAGE_STANDARD = gnu11;
				GCC_DYNAMIC_NO_PIC = NO;
				GCC_NO_COMMON_BLOCKS = YES;
				GCC_OPTIMIZATION_LEVEL = 0;
				GCC_PREPROCESSOR_DEFINITIONS = (
					"DEBUG=1",
					"$(inherited)",
				);
				GCC_WARN_64_TO_32_BIT_CONVERSION = YES;
				GCC_WARN_ABOUT_RETURN_TYPE = YES_ERROR;
				GCC_WARN_UNDECLARED_SELECTOR = YES;
				GCC_WARN_UNINITIALIZED_AUTOS = YES_AGGRESSIVE;
				GCC_WARN_UNUSED_FUNCTION = YES;
				GCC_WARN_UNUSED_VARIABLE = YES;
				IPHONEOS_DEPLOYMENT_TARGET = 12.1;
				MTL_ENABLE_DEBUG_INFO = INCLUDE_SOURCE;
				MTL_FAST_MATH = YES;
				ONLY_ACTIVE_ARCH = YES;
				SDKROOT = iphoneos;
				SWIFT_ACTIVE_COMPILATION_CONDITIONS = DEBUG;
				SWIFT_OPTIMIZATION_LEVEL = "-Onone";
			};
			name = Debug;
		};
		91A0A4A321A1BE2B0044C45A /* Release */ = {
			isa = XCBuildConfiguration;
			buildSettings = {
				ALWAYS_SEARCH_USER_PATHS = NO;
				CLANG_ANALYZER_NONNULL = YES;
				CLANG_ANALYZER_NUMBER_OBJECT_CONVERSION = YES_AGGRESSIVE;
				CLANG_CXX_LANGUAGE_STANDARD = "gnu++14";
				CLANG_CXX_LIBRARY = "libc++";
				CLANG_ENABLE_MODULES = YES;
				CLANG_ENABLE_OBJC_ARC = YES;
				CLANG_ENABLE_OBJC_WEAK = YES;
				CLANG_WARN_BLOCK_CAPTURE_AUTORELEASING = YES;
				CLANG_WARN_BOOL_CONVERSION = YES;
				CLANG_WARN_COMMA = YES;
				CLANG_WARN_CONSTANT_CONVERSION = YES;
				CLANG_WARN_DEPRECATED_OBJC_IMPLEMENTATIONS = YES;
				CLANG_WARN_DIRECT_OBJC_ISA_USAGE = YES_ERROR;
				CLANG_WARN_DOCUMENTATION_COMMENTS = YES;
				CLANG_WARN_EMPTY_BODY = YES;
				CLANG_WARN_ENUM_CONVERSION = YES;
				CLANG_WARN_INFINITE_RECURSION = YES;
				CLANG_WARN_INT_CONVERSION = YES;
				CLANG_WARN_NON_LITERAL_NULL_CONVERSION = YES;
				CLANG_WARN_OBJC_IMPLICIT_RETAIN_SELF = YES;
				CLANG_WARN_OBJC_LITERAL_CONVERSION = YES;
				CLANG_WARN_OBJC_ROOT_CLASS = YES_ERROR;
				CLANG_WARN_RANGE_LOOP_ANALYSIS = YES;
				CLANG_WARN_STRICT_PROTOTYPES = YES;
				CLANG_WARN_SUSPICIOUS_MOVE = YES;
				CLANG_WARN_UNGUARDED_AVAILABILITY = YES_AGGRESSIVE;
				CLANG_WARN_UNREACHABLE_CODE = YES;
				CLANG_WARN__DUPLICATE_METHOD_MATCH = YES;
				CODE_SIGN_IDENTITY = "iPhone Developer";
				COPY_PHASE_STRIP = NO;
				DEBUG_INFORMATION_FORMAT = "dwarf-with-dsym";
				ENABLE_NS_ASSERTIONS = NO;
				ENABLE_STRICT_OBJC_MSGSEND = YES;
				GCC_C_LANGUAGE_STANDARD = gnu11;
				GCC_NO_COMMON_BLOCKS = YES;
				GCC_WARN_64_TO_32_BIT_CONVERSION = YES;
				GCC_WARN_ABOUT_RETURN_TYPE = YES_ERROR;
				GCC_WARN_UNDECLARED_SELECTOR = YES;
				GCC_WARN_UNINITIALIZED_AUTOS = YES_AGGRESSIVE;
				GCC_WARN_UNUSED_FUNCTION = YES;
				GCC_WARN_UNUSED_VARIABLE = YES;
				IPHONEOS_DEPLOYMENT_TARGET = 12.1;
				MTL_ENABLE_DEBUG_INFO = NO;
				MTL_FAST_MATH = YES;
				SDKROOT = iphoneos;
				SWIFT_COMPILATION_MODE = wholemodule;
				SWIFT_OPTIMIZATION_LEVEL = "-O";
				VALIDATE_PRODUCT = YES;
			};
			name = Release;
		};
		91A0A4A521A1BE2B0044C45A /* Debug */ = {
			isa = XCBuildConfiguration;
			baseConfigurationReference = CC240E958C6813251DB2DADE /* Pods-tix.debug.xcconfig */;
			buildSettings = {
				ASSETCATALOG_COMPILER_APPICON_NAME = AppIcon;
				CODE_SIGN_STYLE = Automatic;
				DEVELOPMENT_TEAM = E5H7W73394;
				INFOPLIST_FILE = tix/Info.plist;
				LD_RUNPATH_SEARCH_PATHS = (
					"$(inherited)",
					"@executable_path/Frameworks",
				);
				PRODUCT_BUNDLE_IDENTIFIER = com.tix.tix;
				PRODUCT_NAME = "$(TARGET_NAME)";
				SWIFT_VERSION = 4.2;
				TARGETED_DEVICE_FAMILY = "1,2";
			};
			name = Debug;
		};
		91A0A4A621A1BE2B0044C45A /* Release */ = {
			isa = XCBuildConfiguration;
			baseConfigurationReference = B32015D9018BD748B7BC6E9E /* Pods-tix.release.xcconfig */;
			buildSettings = {
				ASSETCATALOG_COMPILER_APPICON_NAME = AppIcon;
				CODE_SIGN_STYLE = Automatic;
				DEVELOPMENT_TEAM = E5H7W73394;
				INFOPLIST_FILE = tix/Info.plist;
				LD_RUNPATH_SEARCH_PATHS = (
					"$(inherited)",
					"@executable_path/Frameworks",
				);
				PRODUCT_BUNDLE_IDENTIFIER = com.tix.tix;
				PRODUCT_NAME = "$(TARGET_NAME)";
				SWIFT_VERSION = 4.2;
				TARGETED_DEVICE_FAMILY = "1,2";
			};
			name = Release;
		};
/* End XCBuildConfiguration section */

/* Begin XCConfigurationList section */
		91A0A48D21A1BE290044C45A /* Build configuration list for PBXProject "tix" */ = {
			isa = XCConfigurationList;
			buildConfigurations = (
				91A0A4A221A1BE2B0044C45A /* Debug */,
				91A0A4A321A1BE2B0044C45A /* Release */,
			);
			defaultConfigurationIsVisible = 0;
			defaultConfigurationName = Release;
		};
		91A0A4A421A1BE2B0044C45A /* Build configuration list for PBXNativeTarget "tix" */ = {
			isa = XCConfigurationList;
			buildConfigurations = (
				91A0A4A521A1BE2B0044C45A /* Debug */,
				91A0A4A621A1BE2B0044C45A /* Release */,
			);
			defaultConfigurationIsVisible = 0;
			defaultConfigurationName = Release;
		};
/* End XCConfigurationList section */
	};
	rootObject = 91A0A48A21A1BE290044C45A /* Project object */;
}
