// !$*UTF8*$!
{
	archiveVersion = 1;
	classes = {
	};
	objectVersion = 50;
	objects = {

/* Begin PBXBuildFile section */
		9135477921A1C4A900F509DF /* UIViewExtensions.swift in Sources */ = {isa = PBXBuildFile; fileRef = 9135477421A1C4A900F509DF /* UIViewExtensions.swift */; };
		9135477A21A1C4A900F509DF /* InspectableTextAttr.swift in Sources */ = {isa = PBXBuildFile; fileRef = 9135477521A1C4A900F509DF /* InspectableTextAttr.swift */; };
		9135477B21A1C4A900F509DF /* UIViewControllerExtensions.swift in Sources */ = {isa = PBXBuildFile; fileRef = 9135477621A1C4A900F509DF /* UIViewControllerExtensions.swift */; };
		9135477C21A1C4A900F509DF /* HelperFunctions.swift in Sources */ = {isa = PBXBuildFile; fileRef = 9135477721A1C4A900F509DF /* HelperFunctions.swift */; };
		9135477D21A1C4A900F509DF /* StringExtensions.swift in Sources */ = {isa = PBXBuildFile; fileRef = 9135477821A1C4A900F509DF /* StringExtensions.swift */; };
		91A0A49621A1BE290044C45A /* AppDelegate.swift in Sources */ = {isa = PBXBuildFile; fileRef = 91A0A49521A1BE290044C45A /* AppDelegate.swift */; };
		91A0A49821A1BE290044C45A /* LoginViewController.swift in Sources */ = {isa = PBXBuildFile; fileRef = 91A0A49721A1BE290044C45A /* LoginViewController.swift */; };
		91A0A49B21A1BE290044C45A /* Main.storyboard in Resources */ = {isa = PBXBuildFile; fileRef = 91A0A49921A1BE290044C45A /* Main.storyboard */; };
		91A0A49D21A1BE2B0044C45A /* Assets.xcassets in Resources */ = {isa = PBXBuildFile; fileRef = 91A0A49C21A1BE2B0044C45A /* Assets.xcassets */; };
		91A0A4A021A1BE2B0044C45A /* LaunchScreen.storyboard in Resources */ = {isa = PBXBuildFile; fileRef = 91A0A49E21A1BE2B0044C45A /* LaunchScreen.storyboard */; };
		91A0A4AD21A1C0CF0044C45A /* Soleil-Regular.ttf in Resources */ = {isa = PBXBuildFile; fileRef = 91A0A4AA21A1C0CF0044C45A /* Soleil-Regular.ttf */; };
		91A0A4AE21A1C0CF0044C45A /* Soleil-Light.ttf in Resources */ = {isa = PBXBuildFile; fileRef = 91A0A4AB21A1C0CF0044C45A /* Soleil-Light.ttf */; };
		91A0A4AF21A1C0CF0044C45A /* Soleil-Bold.ttf in Resources */ = {isa = PBXBuildFile; fileRef = 91A0A4AC21A1C0CF0044C45A /* Soleil-Bold.ttf */; };
/* End PBXBuildFile section */

/* Begin PBXFileReference section */
		9135477421A1C4A900F509DF /* UIViewExtensions.swift */ = {isa = PBXFileReference; fileEncoding = 4; lastKnownFileType = sourcecode.swift; path = UIViewExtensions.swift; sourceTree = "<group>"; };
		9135477521A1C4A900F509DF /* InspectableTextAttr.swift */ = {isa = PBXFileReference; fileEncoding = 4; lastKnownFileType = sourcecode.swift; path = InspectableTextAttr.swift; sourceTree = "<group>"; };
		9135477621A1C4A900F509DF /* UIViewControllerExtensions.swift */ = {isa = PBXFileReference; fileEncoding = 4; lastKnownFileType = sourcecode.swift; path = UIViewControllerExtensions.swift; sourceTree = "<group>"; };
		9135477721A1C4A900F509DF /* HelperFunctions.swift */ = {isa = PBXFileReference; fileEncoding = 4; lastKnownFileType = sourcecode.swift; path = HelperFunctions.swift; sourceTree = "<group>"; };
		9135477821A1C4A900F509DF /* StringExtensions.swift */ = {isa = PBXFileReference; fileEncoding = 4; lastKnownFileType = sourcecode.swift; path = StringExtensions.swift; sourceTree = "<group>"; };
		91A0A49221A1BE290044C45A /* tix.app */ = {isa = PBXFileReference; explicitFileType = wrapper.application; includeInIndex = 0; path = tix.app; sourceTree = BUILT_PRODUCTS_DIR; };
		91A0A49521A1BE290044C45A /* AppDelegate.swift */ = {isa = PBXFileReference; lastKnownFileType = sourcecode.swift; path = AppDelegate.swift; sourceTree = "<group>"; };
		91A0A49721A1BE290044C45A /* LoginViewController.swift */ = {isa = PBXFileReference; lastKnownFileType = sourcecode.swift; path = LoginViewController.swift; sourceTree = "<group>"; };
		91A0A49A21A1BE290044C45A /* Base */ = {isa = PBXFileReference; lastKnownFileType = file.storyboard; name = Base; path = Base.lproj/Main.storyboard; sourceTree = "<group>"; };
		91A0A49C21A1BE2B0044C45A /* Assets.xcassets */ = {isa = PBXFileReference; lastKnownFileType = folder.assetcatalog; path = Assets.xcassets; sourceTree = "<group>"; };
		91A0A49F21A1BE2B0044C45A /* Base */ = {isa = PBXFileReference; lastKnownFileType = file.storyboard; name = Base; path = Base.lproj/LaunchScreen.storyboard; sourceTree = "<group>"; };
		91A0A4A121A1BE2B0044C45A /* Info.plist */ = {isa = PBXFileReference; lastKnownFileType = text.plist.xml; path = Info.plist; sourceTree = "<group>"; };
		91A0A4AA21A1C0CF0044C45A /* Soleil-Regular.ttf */ = {isa = PBXFileReference; lastKnownFileType = file; path = "Soleil-Regular.ttf"; sourceTree = "<group>"; };
		91A0A4AB21A1C0CF0044C45A /* Soleil-Light.ttf */ = {isa = PBXFileReference; lastKnownFileType = file; path = "Soleil-Light.ttf"; sourceTree = "<group>"; };
		91A0A4AC21A1C0CF0044C45A /* Soleil-Bold.ttf */ = {isa = PBXFileReference; lastKnownFileType = file; path = "Soleil-Bold.ttf"; sourceTree = "<group>"; };
/* End PBXFileReference section */

/* Begin PBXFrameworksBuildPhase section */
		91A0A48F21A1BE290044C45A /* Frameworks */ = {
			isa = PBXFrameworksBuildPhase;
			buildActionMask = 2147483647;
			files = (
			);
			runOnlyForDeploymentPostprocessing = 0;
		};
/* End PBXFrameworksBuildPhase section */

/* Begin PBXGroup section */
		9135477321A1C47600F509DF /* Supporting */ = {
			isa = PBXGroup;
			children = (
				9135477721A1C4A900F509DF /* HelperFunctions.swift */,
				9135477521A1C4A900F509DF /* InspectableTextAttr.swift */,
				9135477821A1C4A900F509DF /* StringExtensions.swift */,
				9135477621A1C4A900F509DF /* UIViewControllerExtensions.swift */,
				9135477421A1C4A900F509DF /* UIViewExtensions.swift */,
			);
			path = Supporting;
			sourceTree = "<group>";
		};
		91A0A48921A1BE290044C45A = {
			isa = PBXGroup;
			children = (
				91A0A49421A1BE290044C45A /* tix */,
				91A0A49321A1BE290044C45A /* Products */,
			);
			sourceTree = "<group>";
		};
		91A0A49321A1BE290044C45A /* Products */ = {
			isa = PBXGroup;
			children = (
				91A0A49221A1BE290044C45A /* tix.app */,
			);
			name = Products;
			sourceTree = "<group>";
		};
		91A0A49421A1BE290044C45A /* tix */ = {
			isa = PBXGroup;
			children = (
				9135477321A1C47600F509DF /* Supporting */,
				91A0A4A921A1C0A70044C45A /* Fonts */,
				91A0A49521A1BE290044C45A /* AppDelegate.swift */,
				91A0A49721A1BE290044C45A /* LoginViewController.swift */,
				91A0A49921A1BE290044C45A /* Main.storyboard */,
				91A0A49C21A1BE2B0044C45A /* Assets.xcassets */,
				91A0A49E21A1BE2B0044C45A /* LaunchScreen.storyboard */,
				91A0A4A121A1BE2B0044C45A /* Info.plist */,
			);
			path = tix;
			sourceTree = "<group>";
		};
		91A0A4A921A1C0A70044C45A /* Fonts */ = {
			isa = PBXGroup;
			children = (
				91A0A4AC21A1C0CF0044C45A /* Soleil-Bold.ttf */,
				91A0A4AB21A1C0CF0044C45A /* Soleil-Light.ttf */,
				91A0A4AA21A1C0CF0044C45A /* Soleil-Regular.ttf */,
			);
			path = Fonts;
			sourceTree = "<group>";
		};
/* End PBXGroup section */

/* Begin PBXNativeTarget section */
		91A0A49121A1BE290044C45A /* tix */ = {
			isa = PBXNativeTarget;
			buildConfigurationList = 91A0A4A421A1BE2B0044C45A /* Build configuration list for PBXNativeTarget "tix" */;
			buildPhases = (
				91A0A48E21A1BE290044C45A /* Sources */,
				91A0A48F21A1BE290044C45A /* Frameworks */,
				91A0A49021A1BE290044C45A /* Resources */,
			);
			buildRules = (
			);
			dependencies = (
			);
			name = tix;
			productName = tix;
			productReference = 91A0A49221A1BE290044C45A /* tix.app */;
			productType = "com.apple.product-type.application";
		};
/* End PBXNativeTarget section */

/* Begin PBXProject section */
		91A0A48A21A1BE290044C45A /* Project object */ = {
			isa = PBXProject;
			attributes = {
				LastSwiftUpdateCheck = 1010;
				LastUpgradeCheck = 1010;
				ORGANIZATIONNAME = Tix;
				TargetAttributes = {
					91A0A49121A1BE290044C45A = {
						CreatedOnToolsVersion = 10.1;
					};
				};
			};
			buildConfigurationList = 91A0A48D21A1BE290044C45A /* Build configuration list for PBXProject "tix" */;
			compatibilityVersion = "Xcode 9.3";
			developmentRegion = en;
			hasScannedForEncodings = 0;
			knownRegions = (
				en,
				Base,
			);
			mainGroup = 91A0A48921A1BE290044C45A;
			productRefGroup = 91A0A49321A1BE290044C45A /* Products */;
			projectDirPath = "";
			projectRoot = "";
			targets = (
				91A0A49121A1BE290044C45A /* tix */,
			);
		};
/* End PBXProject section */

/* Begin PBXResourcesBuildPhase section */
		91A0A49021A1BE290044C45A /* Resources */ = {
			isa = PBXResourcesBuildPhase;
			buildActionMask = 2147483647;
			files = (
				91A0A4A021A1BE2B0044C45A /* LaunchScreen.storyboard in Resources */,
				91A0A4AE21A1C0CF0044C45A /* Soleil-Light.ttf in Resources */,
				91A0A4AD21A1C0CF0044C45A /* Soleil-Regular.ttf in Resources */,
				91A0A49D21A1BE2B0044C45A /* Assets.xcassets in Resources */,
				91A0A49B21A1BE290044C45A /* Main.storyboard in Resources */,
				91A0A4AF21A1C0CF0044C45A /* Soleil-Bold.ttf in Resources */,
			);
			runOnlyForDeploymentPostprocessing = 0;
		};
/* End PBXResourcesBuildPhase section */

/* Begin PBXSourcesBuildPhase section */
		91A0A48E21A1BE290044C45A /* Sources */ = {
			isa = PBXSourcesBuildPhase;
			buildActionMask = 2147483647;
			files = (
				91A0A49821A1BE290044C45A /* LoginViewController.swift in Sources */,
				9135477921A1C4A900F509DF /* UIViewExtensions.swift in Sources */,
				9135477B21A1C4A900F509DF /* UIViewControllerExtensions.swift in Sources */,
				9135477D21A1C4A900F509DF /* StringExtensions.swift in Sources */,
				9135477A21A1C4A900F509DF /* InspectableTextAttr.swift in Sources */,
				91A0A49621A1BE290044C45A /* AppDelegate.swift in Sources */,
				9135477C21A1C4A900F509DF /* HelperFunctions.swift in Sources */,
			);
			runOnlyForDeploymentPostprocessing = 0;
		};
/* End PBXSourcesBuildPhase section */

/* Begin PBXVariantGroup section */
		91A0A49921A1BE290044C45A /* Main.storyboard */ = {
			isa = PBXVariantGroup;
			children = (
				91A0A49A21A1BE290044C45A /* Base */,
			);
			name = Main.storyboard;
			sourceTree = "<group>";
		};
		91A0A49E21A1BE2B0044C45A /* LaunchScreen.storyboard */ = {
			isa = PBXVariantGroup;
			children = (
				91A0A49F21A1BE2B0044C45A /* Base */,
			);
			name = LaunchScreen.storyboard;
			sourceTree = "<group>";
		};
/* End PBXVariantGroup section */

/* Begin XCBuildConfiguration section */
		91A0A4A221A1BE2B0044C45A /* Debug */ = {
			isa = XCBuildConfiguration;
			buildSettings = {
				ALWAYS_SEARCH_USER_PATHS = NO;
				CLANG_ANALYZER_NONNULL = YES;
				CLANG_ANALYZER_NUMBER_OBJECT_CONVERSION = YES_AGGRESSIVE;
				CLANG_CXX_LANGUAGE_STANDARD = "gnu++14";
				CLANG_CXX_LIBRARY = "libc++";
				CLANG_ENABLE_MODULES = YES;
				CLANG_ENABLE_OBJC_ARC = YES;
				CLANG_ENABLE_OBJC_WEAK = YES;
				CLANG_WARN_BLOCK_CAPTURE_AUTORELEASING = YES;
				CLANG_WARN_BOOL_CONVERSION = YES;
				CLANG_WARN_COMMA = YES;
				CLANG_WARN_CONSTANT_CONVERSION = YES;
				CLANG_WARN_DEPRECATED_OBJC_IMPLEMENTATIONS = YES;
				CLANG_WARN_DIRECT_OBJC_ISA_USAGE = YES_ERROR;
				CLANG_WARN_DOCUMENTATION_COMMENTS = YES;
				CLANG_WARN_EMPTY_BODY = YES;
				CLANG_WARN_ENUM_CONVERSION = YES;
				CLANG_WARN_INFINITE_RECURSION = YES;
				CLANG_WARN_INT_CONVERSION = YES;
				CLANG_WARN_NON_LITERAL_NULL_CONVERSION = YES;
				CLANG_WARN_OBJC_IMPLICIT_RETAIN_SELF = YES;
				CLANG_WARN_OBJC_LITERAL_CONVERSION = YES;
				CLANG_WARN_OBJC_ROOT_CLASS = YES_ERROR;
				CLANG_WARN_RANGE_LOOP_ANALYSIS = YES;
				CLANG_WARN_STRICT_PROTOTYPES = YES;
				CLANG_WARN_SUSPICIOUS_MOVE = YES;
				CLANG_WARN_UNGUARDED_AVAILABILITY = YES_AGGRESSIVE;
				CLANG_WARN_UNREACHABLE_CODE = YES;
				CLANG_WARN__DUPLICATE_METHOD_MATCH = YES;
				CODE_SIGN_IDENTITY = "iPhone Developer";
				COPY_PHASE_STRIP = NO;
				DEBUG_INFORMATION_FORMAT = dwarf;
				ENABLE_STRICT_OBJC_MSGSEND = YES;
				ENABLE_TESTABILITY = YES;
				GCC_C_LANGUAGE_STANDARD = gnu11;
				GCC_DYNAMIC_NO_PIC = NO;
				GCC_NO_COMMON_BLOCKS = YES;
				GCC_OPTIMIZATION_LEVEL = 0;
				GCC_PREPROCESSOR_DEFINITIONS = (
					"DEBUG=1",
					"$(inherited)",
				);
				GCC_WARN_64_TO_32_BIT_CONVERSION = YES;
				GCC_WARN_ABOUT_RETURN_TYPE = YES_ERROR;
				GCC_WARN_UNDECLARED_SELECTOR = YES;
				GCC_WARN_UNINITIALIZED_AUTOS = YES_AGGRESSIVE;
				GCC_WARN_UNUSED_FUNCTION = YES;
				GCC_WARN_UNUSED_VARIABLE = YES;
				IPHONEOS_DEPLOYMENT_TARGET = 12.1;
				MTL_ENABLE_DEBUG_INFO = INCLUDE_SOURCE;
				MTL_FAST_MATH = YES;
				ONLY_ACTIVE_ARCH = YES;
				SDKROOT = iphoneos;
				SWIFT_ACTIVE_COMPILATION_CONDITIONS = DEBUG;
				SWIFT_OPTIMIZATION_LEVEL = "-Onone";
			};
			name = Debug;
		};
		91A0A4A321A1BE2B0044C45A /* Release */ = {
			isa = XCBuildConfiguration;
			buildSettings = {
				ALWAYS_SEARCH_USER_PATHS = NO;
				CLANG_ANALYZER_NONNULL = YES;
				CLANG_ANALYZER_NUMBER_OBJECT_CONVERSION = YES_AGGRESSIVE;
				CLANG_CXX_LANGUAGE_STANDARD = "gnu++14";
				CLANG_CXX_LIBRARY = "libc++";
				CLANG_ENABLE_MODULES = YES;
				CLANG_ENABLE_OBJC_ARC = YES;
				CLANG_ENABLE_OBJC_WEAK = YES;
				CLANG_WARN_BLOCK_CAPTURE_AUTORELEASING = YES;
				CLANG_WARN_BOOL_CONVERSION = YES;
				CLANG_WARN_COMMA = YES;
				CLANG_WARN_CONSTANT_CONVERSION = YES;
				CLANG_WARN_DEPRECATED_OBJC_IMPLEMENTATIONS = YES;
				CLANG_WARN_DIRECT_OBJC_ISA_USAGE = YES_ERROR;
				CLANG_WARN_DOCUMENTATION_COMMENTS = YES;
				CLANG_WARN_EMPTY_BODY = YES;
				CLANG_WARN_ENUM_CONVERSION = YES;
				CLANG_WARN_INFINITE_RECURSION = YES;
				CLANG_WARN_INT_CONVERSION = YES;
				CLANG_WARN_NON_LITERAL_NULL_CONVERSION = YES;
				CLANG_WARN_OBJC_IMPLICIT_RETAIN_SELF = YES;
				CLANG_WARN_OBJC_LITERAL_CONVERSION = YES;
				CLANG_WARN_OBJC_ROOT_CLASS = YES_ERROR;
				CLANG_WARN_RANGE_LOOP_ANALYSIS = YES;
				CLANG_WARN_STRICT_PROTOTYPES = YES;
				CLANG_WARN_SUSPICIOUS_MOVE = YES;
				CLANG_WARN_UNGUARDED_AVAILABILITY = YES_AGGRESSIVE;
				CLANG_WARN_UNREACHABLE_CODE = YES;
				CLANG_WARN__DUPLICATE_METHOD_MATCH = YES;
				CODE_SIGN_IDENTITY = "iPhone Developer";
				COPY_PHASE_STRIP = NO;
				DEBUG_INFORMATION_FORMAT = "dwarf-with-dsym";
				ENABLE_NS_ASSERTIONS = NO;
				ENABLE_STRICT_OBJC_MSGSEND = YES;
				GCC_C_LANGUAGE_STANDARD = gnu11;
				GCC_NO_COMMON_BLOCKS = YES;
				GCC_WARN_64_TO_32_BIT_CONVERSION = YES;
				GCC_WARN_ABOUT_RETURN_TYPE = YES_ERROR;
				GCC_WARN_UNDECLARED_SELECTOR = YES;
				GCC_WARN_UNINITIALIZED_AUTOS = YES_AGGRESSIVE;
				GCC_WARN_UNUSED_FUNCTION = YES;
				GCC_WARN_UNUSED_VARIABLE = YES;
				IPHONEOS_DEPLOYMENT_TARGET = 12.1;
				MTL_ENABLE_DEBUG_INFO = NO;
				MTL_FAST_MATH = YES;
				SDKROOT = iphoneos;
				SWIFT_COMPILATION_MODE = wholemodule;
				SWIFT_OPTIMIZATION_LEVEL = "-O";
				VALIDATE_PRODUCT = YES;
			};
			name = Release;
		};
		91A0A4A521A1BE2B0044C45A /* Debug */ = {
			isa = XCBuildConfiguration;
			buildSettings = {
				ASSETCATALOG_COMPILER_APPICON_NAME = AppIcon;
				CODE_SIGN_STYLE = Automatic;
				DEVELOPMENT_TEAM = E5H7W73394;
				INFOPLIST_FILE = tix/Info.plist;
				LD_RUNPATH_SEARCH_PATHS = (
					"$(inherited)",
					"@executable_path/Frameworks",
				);
				PRODUCT_BUNDLE_IDENTIFIER = com.tix.tix;
				PRODUCT_NAME = "$(TARGET_NAME)";
				SWIFT_VERSION = 4.2;
				TARGETED_DEVICE_FAMILY = "1,2";
			};
			name = Debug;
		};
		91A0A4A621A1BE2B0044C45A /* Release */ = {
			isa = XCBuildConfiguration;
			buildSettings = {
				ASSETCATALOG_COMPILER_APPICON_NAME = AppIcon;
				CODE_SIGN_STYLE = Automatic;
				DEVELOPMENT_TEAM = E5H7W73394;
				INFOPLIST_FILE = tix/Info.plist;
				LD_RUNPATH_SEARCH_PATHS = (
					"$(inherited)",
					"@executable_path/Frameworks",
				);
				PRODUCT_BUNDLE_IDENTIFIER = com.tix.tix;
				PRODUCT_NAME = "$(TARGET_NAME)";
				SWIFT_VERSION = 4.2;
				TARGETED_DEVICE_FAMILY = "1,2";
			};
			name = Release;
		};
/* End XCBuildConfiguration section */

/* Begin XCConfigurationList section */
		91A0A48D21A1BE290044C45A /* Build configuration list for PBXProject "tix" */ = {
			isa = XCConfigurationList;
			buildConfigurations = (
				91A0A4A221A1BE2B0044C45A /* Debug */,
				91A0A4A321A1BE2B0044C45A /* Release */,
			);
			defaultConfigurationIsVisible = 0;
			defaultConfigurationName = Release;
		};
		91A0A4A421A1BE2B0044C45A /* Build configuration list for PBXNativeTarget "tix" */ = {
			isa = XCConfigurationList;
			buildConfigurations = (
				91A0A4A521A1BE2B0044C45A /* Debug */,
				91A0A4A621A1BE2B0044C45A /* Release */,
			);
			defaultConfigurationIsVisible = 0;
			defaultConfigurationName = Release;
		};
/* End XCConfigurationList section */
	};
	rootObject = 91A0A48A21A1BE290044C45A /* Project object */;
}
